// !$*UTF8*$!
{
	archiveVersion = 1;
	classes = {
	};
	objectVersion = 55;
	objects = {

/* Begin PBXBuildFile section */
		2E0F0F78297839AD00D37CB4 /* StringSplited.swift in Sources */ = {isa = PBXBuildFile; fileRef = 2E0F0F77297839AD00D37CB4 /* StringSplited.swift */; };
		2E60C0EF297EFFD6007A2C01 /* ArchetypesModel.swift in Sources */ = {isa = PBXBuildFile; fileRef = 2E60C0EE297EFFD6007A2C01 /* ArchetypesModel.swift */; };
		2E60C0F1297F0025007A2C01 /* ArchetypesList.swift in Sources */ = {isa = PBXBuildFile; fileRef = 2E60C0F0297F0025007A2C01 /* ArchetypesList.swift */; };
		2EC8FBCD297AC30400C7203C /* ColoringWordsInText.swift in Sources */ = {isa = PBXBuildFile; fileRef = 2EC8FBCC297AC30400C7203C /* ColoringWordsInText.swift */; };
		2EC8FBD0297AC37300C7203C /* BaseRouter.swift in Sources */ = {isa = PBXBuildFile; fileRef = 2EC8FBCF297AC37300C7203C /* BaseRouter.swift */; };
		2EC8FBD2297AC3AD00C7203C /* BaseViewController.swift in Sources */ = {isa = PBXBuildFile; fileRef = 2EC8FBD1297AC3AD00C7203C /* BaseViewController.swift */; };
		2EC8FBD4297AC3D400C7203C /* BasePresenterDelegate.swift in Sources */ = {isa = PBXBuildFile; fileRef = 2EC8FBD3297AC3D400C7203C /* BasePresenterDelegate.swift */; };
		2EC8FBD8297AC4CB00C7203C /* SplashScreenRouter.swift in Sources */ = {isa = PBXBuildFile; fileRef = 2EC8FBD7297AC4CB00C7203C /* SplashScreenRouter.swift */; };
		2EC8FBDA297AC4DE00C7203C /* SplashScreenViewController.swift in Sources */ = {isa = PBXBuildFile; fileRef = 2EC8FBD9297AC4DE00C7203C /* SplashScreenViewController.swift */; };
		2EC8FBDC297AC50000C7203C /* SplashScreenPresenter.swift in Sources */ = {isa = PBXBuildFile; fileRef = 2EC8FBDB297AC50000C7203C /* SplashScreenPresenter.swift */; };
		2EC8FBE0297AC82700C7203C /* SplashScreenViewController.xib in Resources */ = {isa = PBXBuildFile; fileRef = 2EC8FBDF297AC82700C7203C /* SplashScreenViewController.xib */; };
		2EC8FBE6297ACDCE00C7203C /* MenuScreenRouter.swift in Sources */ = {isa = PBXBuildFile; fileRef = 2EC8FBE5297ACDCE00C7203C /* MenuScreenRouter.swift */; };
		2EC8FBE8297ACE4B00C7203C /* MenuScreenViewController.swift in Sources */ = {isa = PBXBuildFile; fileRef = 2EC8FBE7297ACE4B00C7203C /* MenuScreenViewController.swift */; };
		2EC8FBEA297ACEA300C7203C /* MenuScreenPresenter.swift in Sources */ = {isa = PBXBuildFile; fileRef = 2EC8FBE9297ACEA300C7203C /* MenuScreenPresenter.swift */; };
		2EC8FBEC297ACF4000C7203C /* MenuScreenViewController.xib in Resources */ = {isa = PBXBuildFile; fileRef = 2EC8FBEB297ACF4000C7203C /* MenuScreenViewController.xib */; };
		2EC8FBF3297AE21A00C7203C /* HerosJourneyScreenRouter.swift in Sources */ = {isa = PBXBuildFile; fileRef = 2EC8FBF2297AE21A00C7203C /* HerosJourneyScreenRouter.swift */; };
		2EC8FBF5297AEF6B00C7203C /* HerosJourneyScreenViewController.swift in Sources */ = {isa = PBXBuildFile; fileRef = 2EC8FBF4297AEF6B00C7203C /* HerosJourneyScreenViewController.swift */; };
		2EC8FBF7297AF01300C7203C /* HerosJourneyScreenPresenter.swift in Sources */ = {isa = PBXBuildFile; fileRef = 2EC8FBF6297AF01300C7203C /* HerosJourneyScreenPresenter.swift */; };
		2EC8FBF9297AF1E000C7203C /* HerosJourneyScreenViewController.xib in Resources */ = {isa = PBXBuildFile; fileRef = 2EC8FBF8297AF1E000C7203C /* HerosJourneyScreenViewController.xib */; };
		2EC8FBFB297AFAC500C7203C /* ArchetypesScreenRouter.swift in Sources */ = {isa = PBXBuildFile; fileRef = 2EC8FBFA297AFAC500C7203C /* ArchetypesScreenRouter.swift */; };
		2EC8FBFD297AFAE700C7203C /* ArchetypesScreenViewController.swift in Sources */ = {isa = PBXBuildFile; fileRef = 2EC8FBFC297AFAE700C7203C /* ArchetypesScreenViewController.swift */; };
		2EC8FBFF297AFAFC00C7203C /* ArchetypesScreenPresenter.swift in Sources */ = {isa = PBXBuildFile; fileRef = 2EC8FBFE297AFAFC00C7203C /* ArchetypesScreenPresenter.swift */; };
		2EC8FC01297AFB1700C7203C /* ArchetypesScreenViewController.xib in Resources */ = {isa = PBXBuildFile; fileRef = 2EC8FC00297AFB1700C7203C /* ArchetypesScreenViewController.xib */; };
		2EC8FC03297AFD7800C7203C /* CreditsScreenRouter.swift in Sources */ = {isa = PBXBuildFile; fileRef = 2EC8FC02297AFD7800C7203C /* CreditsScreenRouter.swift */; };
		2EC8FC05297AFDCA00C7203C /* CreditsScreenViewController.swift in Sources */ = {isa = PBXBuildFile; fileRef = 2EC8FC04297AFDCA00C7203C /* CreditsScreenViewController.swift */; };
		2EC8FC07297AFE2100C7203C /* CreditsScreenPresenter.swift in Sources */ = {isa = PBXBuildFile; fileRef = 2EC8FC06297AFE2100C7203C /* CreditsScreenPresenter.swift */; };
		2EC8FC09297AFE5D00C7203C /* CreditsScreenViewController.xib in Resources */ = {isa = PBXBuildFile; fileRef = 2EC8FC08297AFE5D00C7203C /* CreditsScreenViewController.xib */; };
		2EC8FC0B297B005F00C7203C /* ConfigurationsScreenRouter.swift in Sources */ = {isa = PBXBuildFile; fileRef = 2EC8FC0A297B005F00C7203C /* ConfigurationsScreenRouter.swift */; };
		2EC8FC0D297B00A300C7203C /* ConfigurationsScreenViewController.swift in Sources */ = {isa = PBXBuildFile; fileRef = 2EC8FC0C297B00A300C7203C /* ConfigurationsScreenViewController.swift */; };
		2EC8FC0F297B00F800C7203C /* ConfigurationsScreenPresenter.swift in Sources */ = {isa = PBXBuildFile; fileRef = 2EC8FC0E297B00F800C7203C /* ConfigurationsScreenPresenter.swift */; };
		2EC8FC11297B012F00C7203C /* ConfigurationsScreenViewController.xib in Resources */ = {isa = PBXBuildFile; fileRef = 2EC8FC10297B012F00C7203C /* ConfigurationsScreenViewController.xib */; };
		2EC8FC14297B02F700C7203C /* HelpScreenRouter.swift in Sources */ = {isa = PBXBuildFile; fileRef = 2EC8FC13297B02F700C7203C /* HelpScreenRouter.swift */; };
		2EC8FC16297B056300C7203C /* HelpScreenViewController.swift in Sources */ = {isa = PBXBuildFile; fileRef = 2EC8FC15297B056300C7203C /* HelpScreenViewController.swift */; };
		2EC8FC18297B064200C7203C /* HelpScreenPresenter.swift in Sources */ = {isa = PBXBuildFile; fileRef = 2EC8FC17297B064200C7203C /* HelpScreenPresenter.swift */; };
		2EC8FC1A297B068E00C7203C /* HelpScreenViewController.xib in Resources */ = {isa = PBXBuildFile; fileRef = 2EC8FC19297B068E00C7203C /* HelpScreenViewController.xib */; };
		2EC8FC1C297C3E4100C7203C /* ConstantsAndEnums.swift in Sources */ = {isa = PBXBuildFile; fileRef = 2EC8FC1B297C3E4100C7203C /* ConstantsAndEnums.swift */; };
		2EC8FC1E297DB31100C7203C /* ColorsToRegexText.swift in Sources */ = {isa = PBXBuildFile; fileRef = 2EC8FC1D297DB31100C7203C /* ColorsToRegexText.swift */; };
		2EC8FC20297DC22800C7203C /* HerosJourneyModel.swift in Sources */ = {isa = PBXBuildFile; fileRef = 2EC8FC1F297DC22800C7203C /* HerosJourneyModel.swift */; };
		2EC8FC24297DC2D800C7203C /* HerosJourneyList.swift in Sources */ = {isa = PBXBuildFile; fileRef = 2EC8FC23297DC2D800C7203C /* HerosJourneyList.swift */; };
		2EFF845529704F8200984165 /* AppDelegate.swift in Sources */ = {isa = PBXBuildFile; fileRef = 2EFF845429704F8200984165 /* AppDelegate.swift */; };
		2EFF845E29704F8300984165 /* Assets.xcassets in Resources */ = {isa = PBXBuildFile; fileRef = 2EFF845D29704F8300984165 /* Assets.xcassets */; };
		2EFF846129704F8300984165 /* LaunchScreen.storyboard in Resources */ = {isa = PBXBuildFile; fileRef = 2EFF845F29704F8300984165 /* LaunchScreen.storyboard */; };
		2EFF846C29704F8400984165 /* ArielTests.swift in Sources */ = {isa = PBXBuildFile; fileRef = 2EFF846B29704F8400984165 /* ArielTests.swift */; };
		2EFF847629704F8400984165 /* ArielUITests.swift in Sources */ = {isa = PBXBuildFile; fileRef = 2EFF847529704F8400984165 /* ArielUITests.swift */; };
		2EFF847829704F8400984165 /* ArielUITestsLaunchTests.swift in Sources */ = {isa = PBXBuildFile; fileRef = 2EFF847729704F8400984165 /* ArielUITestsLaunchTests.swift */; };
		2EFF848529706B3E00984165 /* GameplayCardView.swift in Sources */ = {isa = PBXBuildFile; fileRef = 2EFF848429706B3E00984165 /* GameplayCardView.swift */; };
		2EFF848729706F0B00984165 /* CardView.swift in Sources */ = {isa = PBXBuildFile; fileRef = 2EFF848629706F0B00984165 /* CardView.swift */; };
		2EFF848A2970838600984165 /* DialogueModel.swift in Sources */ = {isa = PBXBuildFile; fileRef = 2EFF84892970838600984165 /* DialogueModel.swift */; };
		2EFF848C2970841C00984165 /* DialoguesList.swift in Sources */ = {isa = PBXBuildFile; fileRef = 2EFF848B2970841C00984165 /* DialoguesList.swift */; };
		984731D7AFC940F849EBFDF0 /* Pods_Ariel_ArielUITests.framework in Frameworks */ = {isa = PBXBuildFile; fileRef = A60EA8D93D8125252A5DB32D /* Pods_Ariel_ArielUITests.framework */; };
		9DE0A0877829083EFECFC2D3 /* Pods_Ariel.framework in Frameworks */ = {isa = PBXBuildFile; fileRef = AECE597BA14DE6F30062CF82 /* Pods_Ariel.framework */; };
		B029F0421220418FCD1322EA /* Pods_ArielTests.framework in Frameworks */ = {isa = PBXBuildFile; fileRef = 30F0EDB5E3C2A9D5EEF7051F /* Pods_ArielTests.framework */; };
/* End PBXBuildFile section */

/* Begin PBXContainerItemProxy section */
		2EFF846829704F8400984165 /* PBXContainerItemProxy */ = {
			isa = PBXContainerItemProxy;
			containerPortal = 2EFF844929704F8200984165 /* Project object */;
			proxyType = 1;
			remoteGlobalIDString = 2EFF845029704F8200984165;
			remoteInfo = Ariel;
		};
		2EFF847229704F8400984165 /* PBXContainerItemProxy */ = {
			isa = PBXContainerItemProxy;
			containerPortal = 2EFF844929704F8200984165 /* Project object */;
			proxyType = 1;
			remoteGlobalIDString = 2EFF845029704F8200984165;
			remoteInfo = Ariel;
		};
/* End PBXContainerItemProxy section */

/* Begin PBXFileReference section */
		2E0F0F77297839AD00D37CB4 /* StringSplited.swift */ = {isa = PBXFileReference; lastKnownFileType = sourcecode.swift; path = StringSplited.swift; sourceTree = "<group>"; };
		2E60C0EE297EFFD6007A2C01 /* ArchetypesModel.swift */ = {isa = PBXFileReference; lastKnownFileType = sourcecode.swift; path = ArchetypesModel.swift; sourceTree = "<group>"; };
		2E60C0F0297F0025007A2C01 /* ArchetypesList.swift */ = {isa = PBXFileReference; lastKnownFileType = sourcecode.swift; path = ArchetypesList.swift; sourceTree = "<group>"; };
		2EC8FBCC297AC30400C7203C /* ColoringWordsInText.swift */ = {isa = PBXFileReference; lastKnownFileType = sourcecode.swift; path = ColoringWordsInText.swift; sourceTree = "<group>"; };
		2EC8FBCF297AC37300C7203C /* BaseRouter.swift */ = {isa = PBXFileReference; lastKnownFileType = sourcecode.swift; path = BaseRouter.swift; sourceTree = "<group>"; };
		2EC8FBD1297AC3AD00C7203C /* BaseViewController.swift */ = {isa = PBXFileReference; lastKnownFileType = sourcecode.swift; path = BaseViewController.swift; sourceTree = "<group>"; };
		2EC8FBD3297AC3D400C7203C /* BasePresenterDelegate.swift */ = {isa = PBXFileReference; lastKnownFileType = sourcecode.swift; path = BasePresenterDelegate.swift; sourceTree = "<group>"; };
		2EC8FBD7297AC4CB00C7203C /* SplashScreenRouter.swift */ = {isa = PBXFileReference; lastKnownFileType = sourcecode.swift; path = SplashScreenRouter.swift; sourceTree = "<group>"; };
		2EC8FBD9297AC4DE00C7203C /* SplashScreenViewController.swift */ = {isa = PBXFileReference; lastKnownFileType = sourcecode.swift; path = SplashScreenViewController.swift; sourceTree = "<group>"; };
		2EC8FBDB297AC50000C7203C /* SplashScreenPresenter.swift */ = {isa = PBXFileReference; lastKnownFileType = sourcecode.swift; path = SplashScreenPresenter.swift; sourceTree = "<group>"; };
		2EC8FBDF297AC82700C7203C /* SplashScreenViewController.xib */ = {isa = PBXFileReference; lastKnownFileType = file.xib; path = SplashScreenViewController.xib; sourceTree = "<group>"; };
		2EC8FBE5297ACDCE00C7203C /* MenuScreenRouter.swift */ = {isa = PBXFileReference; lastKnownFileType = sourcecode.swift; path = MenuScreenRouter.swift; sourceTree = "<group>"; };
		2EC8FBE7297ACE4B00C7203C /* MenuScreenViewController.swift */ = {isa = PBXFileReference; lastKnownFileType = sourcecode.swift; path = MenuScreenViewController.swift; sourceTree = "<group>"; };
		2EC8FBE9297ACEA300C7203C /* MenuScreenPresenter.swift */ = {isa = PBXFileReference; lastKnownFileType = sourcecode.swift; path = MenuScreenPresenter.swift; sourceTree = "<group>"; };
		2EC8FBEB297ACF4000C7203C /* MenuScreenViewController.xib */ = {isa = PBXFileReference; lastKnownFileType = file.xib; path = MenuScreenViewController.xib; sourceTree = "<group>"; };
		2EC8FBF2297AE21A00C7203C /* HerosJourneyScreenRouter.swift */ = {isa = PBXFileReference; lastKnownFileType = sourcecode.swift; path = HerosJourneyScreenRouter.swift; sourceTree = "<group>"; };
		2EC8FBF4297AEF6B00C7203C /* HerosJourneyScreenViewController.swift */ = {isa = PBXFileReference; lastKnownFileType = sourcecode.swift; path = HerosJourneyScreenViewController.swift; sourceTree = "<group>"; };
		2EC8FBF6297AF01300C7203C /* HerosJourneyScreenPresenter.swift */ = {isa = PBXFileReference; lastKnownFileType = sourcecode.swift; path = HerosJourneyScreenPresenter.swift; sourceTree = "<group>"; };
		2EC8FBF8297AF1E000C7203C /* HerosJourneyScreenViewController.xib */ = {isa = PBXFileReference; lastKnownFileType = file.xib; path = HerosJourneyScreenViewController.xib; sourceTree = "<group>"; };
		2EC8FBFA297AFAC500C7203C /* ArchetypesScreenRouter.swift */ = {isa = PBXFileReference; lastKnownFileType = sourcecode.swift; path = ArchetypesScreenRouter.swift; sourceTree = "<group>"; };
		2EC8FBFC297AFAE700C7203C /* ArchetypesScreenViewController.swift */ = {isa = PBXFileReference; lastKnownFileType = sourcecode.swift; path = ArchetypesScreenViewController.swift; sourceTree = "<group>"; };
		2EC8FBFE297AFAFC00C7203C /* ArchetypesScreenPresenter.swift */ = {isa = PBXFileReference; lastKnownFileType = sourcecode.swift; path = ArchetypesScreenPresenter.swift; sourceTree = "<group>"; };
		2EC8FC00297AFB1700C7203C /* ArchetypesScreenViewController.xib */ = {isa = PBXFileReference; lastKnownFileType = file.xib; path = ArchetypesScreenViewController.xib; sourceTree = "<group>"; };
		2EC8FC02297AFD7800C7203C /* CreditsScreenRouter.swift */ = {isa = PBXFileReference; lastKnownFileType = sourcecode.swift; path = CreditsScreenRouter.swift; sourceTree = "<group>"; };
		2EC8FC04297AFDCA00C7203C /* CreditsScreenViewController.swift */ = {isa = PBXFileReference; lastKnownFileType = sourcecode.swift; path = CreditsScreenViewController.swift; sourceTree = "<group>"; };
		2EC8FC06297AFE2100C7203C /* CreditsScreenPresenter.swift */ = {isa = PBXFileReference; lastKnownFileType = sourcecode.swift; path = CreditsScreenPresenter.swift; sourceTree = "<group>"; };
		2EC8FC08297AFE5D00C7203C /* CreditsScreenViewController.xib */ = {isa = PBXFileReference; lastKnownFileType = file.xib; path = CreditsScreenViewController.xib; sourceTree = "<group>"; };
		2EC8FC0A297B005F00C7203C /* ConfigurationsScreenRouter.swift */ = {isa = PBXFileReference; lastKnownFileType = sourcecode.swift; path = ConfigurationsScreenRouter.swift; sourceTree = "<group>"; };
		2EC8FC0C297B00A300C7203C /* ConfigurationsScreenViewController.swift */ = {isa = PBXFileReference; lastKnownFileType = sourcecode.swift; path = ConfigurationsScreenViewController.swift; sourceTree = "<group>"; };
		2EC8FC0E297B00F800C7203C /* ConfigurationsScreenPresenter.swift */ = {isa = PBXFileReference; lastKnownFileType = sourcecode.swift; path = ConfigurationsScreenPresenter.swift; sourceTree = "<group>"; };
		2EC8FC10297B012F00C7203C /* ConfigurationsScreenViewController.xib */ = {isa = PBXFileReference; lastKnownFileType = file.xib; path = ConfigurationsScreenViewController.xib; sourceTree = "<group>"; };
		2EC8FC13297B02F700C7203C /* HelpScreenRouter.swift */ = {isa = PBXFileReference; lastKnownFileType = sourcecode.swift; path = HelpScreenRouter.swift; sourceTree = "<group>"; };
		2EC8FC15297B056300C7203C /* HelpScreenViewController.swift */ = {isa = PBXFileReference; lastKnownFileType = sourcecode.swift; path = HelpScreenViewController.swift; sourceTree = "<group>"; };
		2EC8FC17297B064200C7203C /* HelpScreenPresenter.swift */ = {isa = PBXFileReference; lastKnownFileType = sourcecode.swift; path = HelpScreenPresenter.swift; sourceTree = "<group>"; };
		2EC8FC19297B068E00C7203C /* HelpScreenViewController.xib */ = {isa = PBXFileReference; lastKnownFileType = file.xib; path = HelpScreenViewController.xib; sourceTree = "<group>"; };
		2EC8FC1B297C3E4100C7203C /* ConstantsAndEnums.swift */ = {isa = PBXFileReference; lastKnownFileType = sourcecode.swift; path = ConstantsAndEnums.swift; sourceTree = "<group>"; };
		2EC8FC1D297DB31100C7203C /* ColorsToRegexText.swift */ = {isa = PBXFileReference; lastKnownFileType = sourcecode.swift; path = ColorsToRegexText.swift; sourceTree = "<group>"; };
		2EC8FC1F297DC22800C7203C /* HerosJourneyModel.swift */ = {isa = PBXFileReference; lastKnownFileType = sourcecode.swift; path = HerosJourneyModel.swift; sourceTree = "<group>"; };
		2EC8FC23297DC2D800C7203C /* HerosJourneyList.swift */ = {isa = PBXFileReference; lastKnownFileType = sourcecode.swift; path = HerosJourneyList.swift; sourceTree = "<group>"; };
		2EFF845129704F8200984165 /* Ariel.app */ = {isa = PBXFileReference; explicitFileType = wrapper.application; includeInIndex = 0; path = Ariel.app; sourceTree = BUILT_PRODUCTS_DIR; };
		2EFF845429704F8200984165 /* AppDelegate.swift */ = {isa = PBXFileReference; lastKnownFileType = sourcecode.swift; path = AppDelegate.swift; sourceTree = "<group>"; };
		2EFF845D29704F8300984165 /* Assets.xcassets */ = {isa = PBXFileReference; lastKnownFileType = folder.assetcatalog; path = Assets.xcassets; sourceTree = "<group>"; };
		2EFF846029704F8300984165 /* Base */ = {isa = PBXFileReference; lastKnownFileType = file.storyboard; name = Base; path = Base.lproj/LaunchScreen.storyboard; sourceTree = "<group>"; };
		2EFF846229704F8300984165 /* Info.plist */ = {isa = PBXFileReference; lastKnownFileType = text.plist.xml; path = Info.plist; sourceTree = "<group>"; };
		2EFF846729704F8400984165 /* ArielTests.xctest */ = {isa = PBXFileReference; explicitFileType = wrapper.cfbundle; includeInIndex = 0; path = ArielTests.xctest; sourceTree = BUILT_PRODUCTS_DIR; };
		2EFF846B29704F8400984165 /* ArielTests.swift */ = {isa = PBXFileReference; lastKnownFileType = sourcecode.swift; path = ArielTests.swift; sourceTree = "<group>"; };
		2EFF847129704F8400984165 /* ArielUITests.xctest */ = {isa = PBXFileReference; explicitFileType = wrapper.cfbundle; includeInIndex = 0; path = ArielUITests.xctest; sourceTree = BUILT_PRODUCTS_DIR; };
		2EFF847529704F8400984165 /* ArielUITests.swift */ = {isa = PBXFileReference; lastKnownFileType = sourcecode.swift; path = ArielUITests.swift; sourceTree = "<group>"; };
		2EFF847729704F8400984165 /* ArielUITestsLaunchTests.swift */ = {isa = PBXFileReference; lastKnownFileType = sourcecode.swift; path = ArielUITestsLaunchTests.swift; sourceTree = "<group>"; };
		2EFF848429706B3E00984165 /* GameplayCardView.swift */ = {isa = PBXFileReference; lastKnownFileType = sourcecode.swift; path = GameplayCardView.swift; sourceTree = "<group>"; };
		2EFF848629706F0B00984165 /* CardView.swift */ = {isa = PBXFileReference; lastKnownFileType = sourcecode.swift; path = CardView.swift; sourceTree = "<group>"; };
		2EFF84892970838600984165 /* DialogueModel.swift */ = {isa = PBXFileReference; lastKnownFileType = sourcecode.swift; path = DialogueModel.swift; sourceTree = "<group>"; };
		2EFF848B2970841C00984165 /* DialoguesList.swift */ = {isa = PBXFileReference; lastKnownFileType = sourcecode.swift; path = DialoguesList.swift; sourceTree = "<group>"; };
		30F0EDB5E3C2A9D5EEF7051F /* Pods_ArielTests.framework */ = {isa = PBXFileReference; explicitFileType = wrapper.framework; includeInIndex = 0; path = Pods_ArielTests.framework; sourceTree = BUILT_PRODUCTS_DIR; };
		5135165A09D85FE1DC385B77 /* Pods-ArielTests.release.xcconfig */ = {isa = PBXFileReference; includeInIndex = 1; lastKnownFileType = text.xcconfig; name = "Pods-ArielTests.release.xcconfig"; path = "Target Support Files/Pods-ArielTests/Pods-ArielTests.release.xcconfig"; sourceTree = "<group>"; };
		53BAC863E2FB7B485287D5AF /* Pods-ArielTests.debug.xcconfig */ = {isa = PBXFileReference; includeInIndex = 1; lastKnownFileType = text.xcconfig; name = "Pods-ArielTests.debug.xcconfig"; path = "Target Support Files/Pods-ArielTests/Pods-ArielTests.debug.xcconfig"; sourceTree = "<group>"; };
		8A13984B2EB678AE41A9D0C5 /* Pods-Ariel-ArielUITests.release.xcconfig */ = {isa = PBXFileReference; includeInIndex = 1; lastKnownFileType = text.xcconfig; name = "Pods-Ariel-ArielUITests.release.xcconfig"; path = "Target Support Files/Pods-Ariel-ArielUITests/Pods-Ariel-ArielUITests.release.xcconfig"; sourceTree = "<group>"; };
		A60EA8D93D8125252A5DB32D /* Pods_Ariel_ArielUITests.framework */ = {isa = PBXFileReference; explicitFileType = wrapper.framework; includeInIndex = 0; path = Pods_Ariel_ArielUITests.framework; sourceTree = BUILT_PRODUCTS_DIR; };
		A792FA7D5FDD7A7B2DB41092 /* Pods-Ariel-ArielUITests.debug.xcconfig */ = {isa = PBXFileReference; includeInIndex = 1; lastKnownFileType = text.xcconfig; name = "Pods-Ariel-ArielUITests.debug.xcconfig"; path = "Target Support Files/Pods-Ariel-ArielUITests/Pods-Ariel-ArielUITests.debug.xcconfig"; sourceTree = "<group>"; };
		AECE597BA14DE6F30062CF82 /* Pods_Ariel.framework */ = {isa = PBXFileReference; explicitFileType = wrapper.framework; includeInIndex = 0; path = Pods_Ariel.framework; sourceTree = BUILT_PRODUCTS_DIR; };
		B411E43946A6B7001AA89658 /* Pods-Ariel.release.xcconfig */ = {isa = PBXFileReference; includeInIndex = 1; lastKnownFileType = text.xcconfig; name = "Pods-Ariel.release.xcconfig"; path = "Target Support Files/Pods-Ariel/Pods-Ariel.release.xcconfig"; sourceTree = "<group>"; };
		D9F2FEBF810F9C87ADABFDC3 /* Pods-Ariel.debug.xcconfig */ = {isa = PBXFileReference; includeInIndex = 1; lastKnownFileType = text.xcconfig; name = "Pods-Ariel.debug.xcconfig"; path = "Target Support Files/Pods-Ariel/Pods-Ariel.debug.xcconfig"; sourceTree = "<group>"; };
/* End PBXFileReference section */

/* Begin PBXFrameworksBuildPhase section */
		2EFF844E29704F8200984165 /* Frameworks */ = {
			isa = PBXFrameworksBuildPhase;
			buildActionMask = 2147483647;
			files = (
				9DE0A0877829083EFECFC2D3 /* Pods_Ariel.framework in Frameworks */,
			);
			runOnlyForDeploymentPostprocessing = 0;
		};
		2EFF846429704F8400984165 /* Frameworks */ = {
			isa = PBXFrameworksBuildPhase;
			buildActionMask = 2147483647;
			files = (
				B029F0421220418FCD1322EA /* Pods_ArielTests.framework in Frameworks */,
			);
			runOnlyForDeploymentPostprocessing = 0;
		};
		2EFF846E29704F8400984165 /* Frameworks */ = {
			isa = PBXFrameworksBuildPhase;
			buildActionMask = 2147483647;
			files = (
				984731D7AFC940F849EBFDF0 /* Pods_Ariel_ArielUITests.framework in Frameworks */,
			);
			runOnlyForDeploymentPostprocessing = 0;
		};
/* End PBXFrameworksBuildPhase section */

/* Begin PBXGroup section */
		2E0F0F762978399600D37CB4 /* Extensions */ = {
			isa = PBXGroup;
			children = (
				2E0F0F77297839AD00D37CB4 /* StringSplited.swift */,
				2EC8FBCC297AC30400C7203C /* ColoringWordsInText.swift */,
				2EC8FC1B297C3E4100C7203C /* ConstantsAndEnums.swift */,
				2EC8FC1D297DB31100C7203C /* ColorsToRegexText.swift */,
			);
			path = Extensions;
			sourceTree = "<group>";
		};
		2E60C0ED297EFFA9007A2C01 /* Model */ = {
			isa = PBXGroup;
			children = (
				2E60C0EE297EFFD6007A2C01 /* ArchetypesModel.swift */,
				2E60C0F0297F0025007A2C01 /* ArchetypesList.swift */,
			);
			path = Model;
			sourceTree = "<group>";
		};
		2EC8FBCE297AC36100C7203C /* Utils */ = {
			isa = PBXGroup;
			children = (
				2EC8FBCF297AC37300C7203C /* BaseRouter.swift */,
				2EC8FBD1297AC3AD00C7203C /* BaseViewController.swift */,
				2EC8FBD3297AC3D400C7203C /* BasePresenterDelegate.swift */,
			);
			path = Utils;
			sourceTree = "<group>";
		};
		2EC8FBD5297AC49D00C7203C /* Modules */ = {
			isa = PBXGroup;
			children = (
				2EC8FBF1297AE10C00C7203C /* Help */,
				2EC8FBF0297AE10500C7203C /* Configurations */,
				2EC8FBEF297AE0FD00C7203C /* Credits */,
				2EC8FBEE297AE0F600C7203C /* Archetypes */,
				2EC8FBED297AE0E200C7203C /* HerosJourney */,
				2EC8FBE4297ACD9500C7203C /* Menu */,
				2EC8FBD6297AC4B000C7203C /* Splash */,
				2EFF84882970835900984165 /* Gameplay */,
			);
			path = Modules;
			sourceTree = "<group>";
		};
		2EC8FBD6297AC4B000C7203C /* Splash */ = {
			isa = PBXGroup;
			children = (
				2EC8FBD7297AC4CB00C7203C /* SplashScreenRouter.swift */,
				2EC8FBD9297AC4DE00C7203C /* SplashScreenViewController.swift */,
				2EC8FBDB297AC50000C7203C /* SplashScreenPresenter.swift */,
				2EC8FBDF297AC82700C7203C /* SplashScreenViewController.xib */,
			);
			path = Splash;
			sourceTree = "<group>";
		};
		2EC8FBE1297ACACC00C7203C /* Application */ = {
			isa = PBXGroup;
			children = (
				2EFF845429704F8200984165 /* AppDelegate.swift */,
				2EFF845F29704F8300984165 /* LaunchScreen.storyboard */,
			);
			path = Application;
			sourceTree = "<group>";
		};
		2EC8FBE2297ACB0500C7203C /* Resources */ = {
			isa = PBXGroup;
			children = (
				2EFF845D29704F8300984165 /* Assets.xcassets */,
			);
			path = Resources;
			sourceTree = "<group>";
		};
		2EC8FBE4297ACD9500C7203C /* Menu */ = {
			isa = PBXGroup;
			children = (
				2EC8FBE5297ACDCE00C7203C /* MenuScreenRouter.swift */,
				2EC8FBE7297ACE4B00C7203C /* MenuScreenViewController.swift */,
				2EC8FBE9297ACEA300C7203C /* MenuScreenPresenter.swift */,
				2EC8FBEB297ACF4000C7203C /* MenuScreenViewController.xib */,
			);
			path = Menu;
			sourceTree = "<group>";
		};
		2EC8FBED297AE0E200C7203C /* HerosJourney */ = {
			isa = PBXGroup;
			children = (
				2EC8FC22297DC26C00C7203C /* Model */,
				2EC8FBF2297AE21A00C7203C /* HerosJourneyScreenRouter.swift */,
				2EC8FBF4297AEF6B00C7203C /* HerosJourneyScreenViewController.swift */,
				2EC8FBF6297AF01300C7203C /* HerosJourneyScreenPresenter.swift */,
				2EC8FBF8297AF1E000C7203C /* HerosJourneyScreenViewController.xib */,
			);
			path = HerosJourney;
			sourceTree = "<group>";
		};
		2EC8FBEE297AE0F600C7203C /* Archetypes */ = {
			isa = PBXGroup;
			children = (
				2E60C0ED297EFFA9007A2C01 /* Model */,
				2EC8FBFA297AFAC500C7203C /* ArchetypesScreenRouter.swift */,
				2EC8FBFC297AFAE700C7203C /* ArchetypesScreenViewController.swift */,
				2EC8FBFE297AFAFC00C7203C /* ArchetypesScreenPresenter.swift */,
				2EC8FC00297AFB1700C7203C /* ArchetypesScreenViewController.xib */,
			);
			path = Archetypes;
			sourceTree = "<group>";
		};
		2EC8FBEF297AE0FD00C7203C /* Credits */ = {
			isa = PBXGroup;
			children = (
				2EC8FC02297AFD7800C7203C /* CreditsScreenRouter.swift */,
				2EC8FC04297AFDCA00C7203C /* CreditsScreenViewController.swift */,
				2EC8FC06297AFE2100C7203C /* CreditsScreenPresenter.swift */,
				2EC8FC08297AFE5D00C7203C /* CreditsScreenViewController.xib */,
			);
			path = Credits;
			sourceTree = "<group>";
		};
		2EC8FBF0297AE10500C7203C /* Configurations */ = {
			isa = PBXGroup;
			children = (
				2EC8FC0A297B005F00C7203C /* ConfigurationsScreenRouter.swift */,
				2EC8FC0C297B00A300C7203C /* ConfigurationsScreenViewController.swift */,
				2EC8FC0E297B00F800C7203C /* ConfigurationsScreenPresenter.swift */,
				2EC8FC10297B012F00C7203C /* ConfigurationsScreenViewController.xib */,
			);
			path = Configurations;
			sourceTree = "<group>";
		};
		2EC8FBF1297AE10C00C7203C /* Help */ = {
			isa = PBXGroup;
			children = (
				2EC8FC13297B02F700C7203C /* HelpScreenRouter.swift */,
				2EC8FC15297B056300C7203C /* HelpScreenViewController.swift */,
				2EC8FC17297B064200C7203C /* HelpScreenPresenter.swift */,
				2EC8FC19297B068E00C7203C /* HelpScreenViewController.xib */,
			);
			path = Help;
			sourceTree = "<group>";
		};
		2EC8FC21297DC25100C7203C /* Model */ = {
			isa = PBXGroup;
			children = (
				2EFF84892970838600984165 /* DialogueModel.swift */,
				2EFF848B2970841C00984165 /* DialoguesList.swift */,
			);
			path = Model;
			sourceTree = "<group>";
		};
		2EC8FC22297DC26C00C7203C /* Model */ = {
			isa = PBXGroup;
			children = (
				2EC8FC1F297DC22800C7203C /* HerosJourneyModel.swift */,
				2EC8FC23297DC2D800C7203C /* HerosJourneyList.swift */,
			);
			path = Model;
			sourceTree = "<group>";
		};
		2EFF844829704F8200984165 = {
			isa = PBXGroup;
			children = (
				2EFF845329704F8200984165 /* Ariel */,
				2EFF846A29704F8400984165 /* ArielTests */,
				2EFF847429704F8400984165 /* ArielUITests */,
				2EFF845229704F8200984165 /* Products */,
				FD9072594C12D46871B8D71A /* Pods */,
				670A047D1731EEAAA00080B3 /* Frameworks */,
			);
			sourceTree = "<group>";
		};
		2EFF845229704F8200984165 /* Products */ = {
			isa = PBXGroup;
			children = (
				2EFF845129704F8200984165 /* Ariel.app */,
				2EFF846729704F8400984165 /* ArielTests.xctest */,
				2EFF847129704F8400984165 /* ArielUITests.xctest */,
			);
			name = Products;
			sourceTree = "<group>";
		};
		2EFF845329704F8200984165 /* Ariel */ = {
			isa = PBXGroup;
			children = (
				2EC8FBE2297ACB0500C7203C /* Resources */,
				2EC8FBE1297ACACC00C7203C /* Application */,
				2E0F0F762978399600D37CB4 /* Extensions */,
				2EC8FBD5297AC49D00C7203C /* Modules */,
				2EC8FBCE297AC36100C7203C /* Utils */,
				2EFF846229704F8300984165 /* Info.plist */,
			);
			path = Ariel;
			sourceTree = "<group>";
		};
		2EFF846A29704F8400984165 /* ArielTests */ = {
			isa = PBXGroup;
			children = (
				2EFF846B29704F8400984165 /* ArielTests.swift */,
			);
			path = ArielTests;
			sourceTree = "<group>";
		};
		2EFF847429704F8400984165 /* ArielUITests */ = {
			isa = PBXGroup;
			children = (
				2EFF847529704F8400984165 /* ArielUITests.swift */,
				2EFF847729704F8400984165 /* ArielUITestsLaunchTests.swift */,
			);
			path = ArielUITests;
			sourceTree = "<group>";
		};
		2EFF84882970835900984165 /* Gameplay */ = {
			isa = PBXGroup;
			children = (
				2EC8FC21297DC25100C7203C /* Model */,
				2EFF848629706F0B00984165 /* CardView.swift */,
				2EFF848429706B3E00984165 /* GameplayCardView.swift */,
			);
			path = Gameplay;
			sourceTree = "<group>";
		};
		670A047D1731EEAAA00080B3 /* Frameworks */ = {
			isa = PBXGroup;
			children = (
				AECE597BA14DE6F30062CF82 /* Pods_Ariel.framework */,
				A60EA8D93D8125252A5DB32D /* Pods_Ariel_ArielUITests.framework */,
				30F0EDB5E3C2A9D5EEF7051F /* Pods_ArielTests.framework */,
			);
			name = Frameworks;
			sourceTree = "<group>";
		};
		FD9072594C12D46871B8D71A /* Pods */ = {
			isa = PBXGroup;
			children = (
				D9F2FEBF810F9C87ADABFDC3 /* Pods-Ariel.debug.xcconfig */,
				B411E43946A6B7001AA89658 /* Pods-Ariel.release.xcconfig */,
				A792FA7D5FDD7A7B2DB41092 /* Pods-Ariel-ArielUITests.debug.xcconfig */,
				8A13984B2EB678AE41A9D0C5 /* Pods-Ariel-ArielUITests.release.xcconfig */,
				53BAC863E2FB7B485287D5AF /* Pods-ArielTests.debug.xcconfig */,
				5135165A09D85FE1DC385B77 /* Pods-ArielTests.release.xcconfig */,
			);
			name = Pods;
			path = Pods;
			sourceTree = "<group>";
		};
/* End PBXGroup section */

/* Begin PBXNativeTarget section */
		2EFF845029704F8200984165 /* Ariel */ = {
			isa = PBXNativeTarget;
			buildConfigurationList = 2EFF847B29704F8400984165 /* Build configuration list for PBXNativeTarget "Ariel" */;
			buildPhases = (
				76C37C10020C29548824BFF3 /* [CP] Check Pods Manifest.lock */,
				2EFF844D29704F8200984165 /* Sources */,
				2EFF844E29704F8200984165 /* Frameworks */,
				2EFF844F29704F8200984165 /* Resources */,
				1A0975046A3FE7AB7F26324F /* [CP] Embed Pods Frameworks */,
			);
			buildRules = (
			);
			dependencies = (
			);
			name = Ariel;
			productName = Ariel;
			productReference = 2EFF845129704F8200984165 /* Ariel.app */;
			productType = "com.apple.product-type.application";
		};
		2EFF846629704F8400984165 /* ArielTests */ = {
			isa = PBXNativeTarget;
			buildConfigurationList = 2EFF847E29704F8400984165 /* Build configuration list for PBXNativeTarget "ArielTests" */;
			buildPhases = (
				728ACD5D1CC3E6D4F7C8FD0E /* [CP] Check Pods Manifest.lock */,
				2EFF846329704F8400984165 /* Sources */,
				2EFF846429704F8400984165 /* Frameworks */,
				2EFF846529704F8400984165 /* Resources */,
			);
			buildRules = (
			);
			dependencies = (
				2EFF846929704F8400984165 /* PBXTargetDependency */,
			);
			name = ArielTests;
			productName = ArielTests;
			productReference = 2EFF846729704F8400984165 /* ArielTests.xctest */;
			productType = "com.apple.product-type.bundle.unit-test";
		};
		2EFF847029704F8400984165 /* ArielUITests */ = {
			isa = PBXNativeTarget;
			buildConfigurationList = 2EFF848129704F8400984165 /* Build configuration list for PBXNativeTarget "ArielUITests" */;
			buildPhases = (
				4423FCDCEBC2756A7410EDBE /* [CP] Check Pods Manifest.lock */,
				2EFF846D29704F8400984165 /* Sources */,
				2EFF846E29704F8400984165 /* Frameworks */,
				2EFF846F29704F8400984165 /* Resources */,
				8C9E5DA79CF99B77F9B5BC08 /* [CP] Embed Pods Frameworks */,
			);
			buildRules = (
			);
			dependencies = (
				2EFF847329704F8400984165 /* PBXTargetDependency */,
			);
			name = ArielUITests;
			productName = ArielUITests;
			productReference = 2EFF847129704F8400984165 /* ArielUITests.xctest */;
			productType = "com.apple.product-type.bundle.ui-testing";
		};
/* End PBXNativeTarget section */

/* Begin PBXProject section */
		2EFF844929704F8200984165 /* Project object */ = {
			isa = PBXProject;
			attributes = {
				BuildIndependentTargetsInParallel = 1;
				LastSwiftUpdateCheck = 1330;
				LastUpgradeCheck = 1330;
				TargetAttributes = {
					2EFF845029704F8200984165 = {
						CreatedOnToolsVersion = 13.3.1;
					};
					2EFF846629704F8400984165 = {
						CreatedOnToolsVersion = 13.3.1;
						TestTargetID = 2EFF845029704F8200984165;
					};
					2EFF847029704F8400984165 = {
						CreatedOnToolsVersion = 13.3.1;
						TestTargetID = 2EFF845029704F8200984165;
					};
				};
			};
			buildConfigurationList = 2EFF844C29704F8200984165 /* Build configuration list for PBXProject "Ariel" */;
			compatibilityVersion = "Xcode 13.0";
			developmentRegion = en;
			hasScannedForEncodings = 0;
			knownRegions = (
				en,
				Base,
			);
			mainGroup = 2EFF844829704F8200984165;
			productRefGroup = 2EFF845229704F8200984165 /* Products */;
			projectDirPath = "";
			projectRoot = "";
			targets = (
				2EFF845029704F8200984165 /* Ariel */,
				2EFF846629704F8400984165 /* ArielTests */,
				2EFF847029704F8400984165 /* ArielUITests */,
			);
		};
/* End PBXProject section */

/* Begin PBXResourcesBuildPhase section */
		2EFF844F29704F8200984165 /* Resources */ = {
			isa = PBXResourcesBuildPhase;
			buildActionMask = 2147483647;
			files = (
				2EC8FC09297AFE5D00C7203C /* CreditsScreenViewController.xib in Resources */,
				2EC8FC1A297B068E00C7203C /* HelpScreenViewController.xib in Resources */,
				2EC8FC11297B012F00C7203C /* ConfigurationsScreenViewController.xib in Resources */,
				2EFF846129704F8300984165 /* LaunchScreen.storyboard in Resources */,
				2EC8FBEC297ACF4000C7203C /* MenuScreenViewController.xib in Resources */,
				2EC8FBE0297AC82700C7203C /* SplashScreenViewController.xib in Resources */,
				2EFF845E29704F8300984165 /* Assets.xcassets in Resources */,
				2EC8FC01297AFB1700C7203C /* ArchetypesScreenViewController.xib in Resources */,
				2EC8FBF9297AF1E000C7203C /* HerosJourneyScreenViewController.xib in Resources */,
			);
			runOnlyForDeploymentPostprocessing = 0;
		};
		2EFF846529704F8400984165 /* Resources */ = {
			isa = PBXResourcesBuildPhase;
			buildActionMask = 2147483647;
			files = (
			);
			runOnlyForDeploymentPostprocessing = 0;
		};
		2EFF846F29704F8400984165 /* Resources */ = {
			isa = PBXResourcesBuildPhase;
			buildActionMask = 2147483647;
			files = (
			);
			runOnlyForDeploymentPostprocessing = 0;
		};
/* End PBXResourcesBuildPhase section */

/* Begin PBXShellScriptBuildPhase section */
		1A0975046A3FE7AB7F26324F /* [CP] Embed Pods Frameworks */ = {
			isa = PBXShellScriptBuildPhase;
			buildActionMask = 2147483647;
			files = (
			);
			inputFileListPaths = (
				"${PODS_ROOT}/Target Support Files/Pods-Ariel/Pods-Ariel-frameworks-${CONFIGURATION}-input-files.xcfilelist",
			);
			name = "[CP] Embed Pods Frameworks";
			outputFileListPaths = (
				"${PODS_ROOT}/Target Support Files/Pods-Ariel/Pods-Ariel-frameworks-${CONFIGURATION}-output-files.xcfilelist",
			);
			runOnlyForDeploymentPostprocessing = 0;
			shellPath = /bin/sh;
			shellScript = "\"${PODS_ROOT}/Target Support Files/Pods-Ariel/Pods-Ariel-frameworks.sh\"\n";
			showEnvVarsInLog = 0;
		};
		4423FCDCEBC2756A7410EDBE /* [CP] Check Pods Manifest.lock */ = {
			isa = PBXShellScriptBuildPhase;
			buildActionMask = 2147483647;
			files = (
			);
			inputFileListPaths = (
			);
			inputPaths = (
				"${PODS_PODFILE_DIR_PATH}/Podfile.lock",
				"${PODS_ROOT}/Manifest.lock",
			);
			name = "[CP] Check Pods Manifest.lock";
			outputFileListPaths = (
			);
			outputPaths = (
				"$(DERIVED_FILE_DIR)/Pods-Ariel-ArielUITests-checkManifestLockResult.txt",
			);
			runOnlyForDeploymentPostprocessing = 0;
			shellPath = /bin/sh;
			shellScript = "diff \"${PODS_PODFILE_DIR_PATH}/Podfile.lock\" \"${PODS_ROOT}/Manifest.lock\" > /dev/null\nif [ $? != 0 ] ; then\n    # print error to STDERR\n    echo \"error: The sandbox is not in sync with the Podfile.lock. Run 'pod install' or update your CocoaPods installation.\" >&2\n    exit 1\nfi\n# This output is used by Xcode 'outputs' to avoid re-running this script phase.\necho \"SUCCESS\" > \"${SCRIPT_OUTPUT_FILE_0}\"\n";
			showEnvVarsInLog = 0;
		};
		728ACD5D1CC3E6D4F7C8FD0E /* [CP] Check Pods Manifest.lock */ = {
			isa = PBXShellScriptBuildPhase;
			buildActionMask = 2147483647;
			files = (
			);
			inputFileListPaths = (
			);
			inputPaths = (
				"${PODS_PODFILE_DIR_PATH}/Podfile.lock",
				"${PODS_ROOT}/Manifest.lock",
			);
			name = "[CP] Check Pods Manifest.lock";
			outputFileListPaths = (
			);
			outputPaths = (
				"$(DERIVED_FILE_DIR)/Pods-ArielTests-checkManifestLockResult.txt",
			);
			runOnlyForDeploymentPostprocessing = 0;
			shellPath = /bin/sh;
			shellScript = "diff \"${PODS_PODFILE_DIR_PATH}/Podfile.lock\" \"${PODS_ROOT}/Manifest.lock\" > /dev/null\nif [ $? != 0 ] ; then\n    # print error to STDERR\n    echo \"error: The sandbox is not in sync with the Podfile.lock. Run 'pod install' or update your CocoaPods installation.\" >&2\n    exit 1\nfi\n# This output is used by Xcode 'outputs' to avoid re-running this script phase.\necho \"SUCCESS\" > \"${SCRIPT_OUTPUT_FILE_0}\"\n";
			showEnvVarsInLog = 0;
		};
		76C37C10020C29548824BFF3 /* [CP] Check Pods Manifest.lock */ = {
			isa = PBXShellScriptBuildPhase;
			buildActionMask = 2147483647;
			files = (
			);
			inputFileListPaths = (
			);
			inputPaths = (
				"${PODS_PODFILE_DIR_PATH}/Podfile.lock",
				"${PODS_ROOT}/Manifest.lock",
			);
			name = "[CP] Check Pods Manifest.lock";
			outputFileListPaths = (
			);
			outputPaths = (
				"$(DERIVED_FILE_DIR)/Pods-Ariel-checkManifestLockResult.txt",
			);
			runOnlyForDeploymentPostprocessing = 0;
			shellPath = /bin/sh;
			shellScript = "diff \"${PODS_PODFILE_DIR_PATH}/Podfile.lock\" \"${PODS_ROOT}/Manifest.lock\" > /dev/null\nif [ $? != 0 ] ; then\n    # print error to STDERR\n    echo \"error: The sandbox is not in sync with the Podfile.lock. Run 'pod install' or update your CocoaPods installation.\" >&2\n    exit 1\nfi\n# This output is used by Xcode 'outputs' to avoid re-running this script phase.\necho \"SUCCESS\" > \"${SCRIPT_OUTPUT_FILE_0}\"\n";
			showEnvVarsInLog = 0;
		};
		8C9E5DA79CF99B77F9B5BC08 /* [CP] Embed Pods Frameworks */ = {
			isa = PBXShellScriptBuildPhase;
			buildActionMask = 2147483647;
			files = (
			);
			inputFileListPaths = (
				"${PODS_ROOT}/Target Support Files/Pods-Ariel-ArielUITests/Pods-Ariel-ArielUITests-frameworks-${CONFIGURATION}-input-files.xcfilelist",
			);
			name = "[CP] Embed Pods Frameworks";
			outputFileListPaths = (
				"${PODS_ROOT}/Target Support Files/Pods-Ariel-ArielUITests/Pods-Ariel-ArielUITests-frameworks-${CONFIGURATION}-output-files.xcfilelist",
			);
			runOnlyForDeploymentPostprocessing = 0;
			shellPath = /bin/sh;
			shellScript = "\"${PODS_ROOT}/Target Support Files/Pods-Ariel-ArielUITests/Pods-Ariel-ArielUITests-frameworks.sh\"\n";
			showEnvVarsInLog = 0;
		};
/* End PBXShellScriptBuildPhase section */

/* Begin PBXSourcesBuildPhase section */
		2EFF844D29704F8200984165 /* Sources */ = {
			isa = PBXSourcesBuildPhase;
			buildActionMask = 2147483647;
			files = (
				2EC8FBD4297AC3D400C7203C /* BasePresenterDelegate.swift in Sources */,
				2EC8FBDA297AC4DE00C7203C /* SplashScreenViewController.swift in Sources */,
				2EC8FC18297B064200C7203C /* HelpScreenPresenter.swift in Sources */,
				2EC8FBE6297ACDCE00C7203C /* MenuScreenRouter.swift in Sources */,
				2EC8FC24297DC2D800C7203C /* HerosJourneyList.swift in Sources */,
				2EC8FC05297AFDCA00C7203C /* CreditsScreenViewController.swift in Sources */,
				2EFF845529704F8200984165 /* AppDelegate.swift in Sources */,
				2EC8FBD2297AC3AD00C7203C /* BaseViewController.swift in Sources */,
				2EC8FBDC297AC50000C7203C /* SplashScreenPresenter.swift in Sources */,
				2E60C0EF297EFFD6007A2C01 /* ArchetypesModel.swift in Sources */,
				2EC8FBF3297AE21A00C7203C /* HerosJourneyScreenRouter.swift in Sources */,
				2EC8FBFD297AFAE700C7203C /* ArchetypesScreenViewController.swift in Sources */,
				2EC8FC1C297C3E4100C7203C /* ConstantsAndEnums.swift in Sources */,
				2E60C0F1297F0025007A2C01 /* ArchetypesList.swift in Sources */,
				2EC8FBCD297AC30400C7203C /* ColoringWordsInText.swift in Sources */,
				2EC8FC14297B02F700C7203C /* HelpScreenRouter.swift in Sources */,
				2EC8FBFB297AFAC500C7203C /* ArchetypesScreenRouter.swift in Sources */,
				2EC8FC03297AFD7800C7203C /* CreditsScreenRouter.swift in Sources */,
				2EC8FBD8297AC4CB00C7203C /* SplashScreenRouter.swift in Sources */,
				2E0F0F78297839AD00D37CB4 /* StringSplited.swift in Sources */,
				2EC8FBFF297AFAFC00C7203C /* ArchetypesScreenPresenter.swift in Sources */,
				2EC8FBF7297AF01300C7203C /* HerosJourneyScreenPresenter.swift in Sources */,
				2EC8FC1E297DB31100C7203C /* ColorsToRegexText.swift in Sources */,
				2EC8FC07297AFE2100C7203C /* CreditsScreenPresenter.swift in Sources */,
				2EFF848529706B3E00984165 /* GameplayCardView.swift in Sources */,
				2EFF848A2970838600984165 /* DialogueModel.swift in Sources */,
				2EFF848C2970841C00984165 /* DialoguesList.swift in Sources */,
				2EC8FC0B297B005F00C7203C /* ConfigurationsScreenRouter.swift in Sources */,
				2EC8FC0F297B00F800C7203C /* ConfigurationsScreenPresenter.swift in Sources */,
				2EC8FC20297DC22800C7203C /* HerosJourneyModel.swift in Sources */,
				2EC8FC16297B056300C7203C /* HelpScreenViewController.swift in Sources */,
				2EC8FBE8297ACE4B00C7203C /* MenuScreenViewController.swift in Sources */,
				2EC8FBEA297ACEA300C7203C /* MenuScreenPresenter.swift in Sources */,
				2EC8FBD0297AC37300C7203C /* BaseRouter.swift in Sources */,
				2EC8FC0D297B00A300C7203C /* ConfigurationsScreenViewController.swift in Sources */,
				2EFF848729706F0B00984165 /* CardView.swift in Sources */,
				2EC8FBF5297AEF6B00C7203C /* HerosJourneyScreenViewController.swift in Sources */,
			);
			runOnlyForDeploymentPostprocessing = 0;
		};
		2EFF846329704F8400984165 /* Sources */ = {
			isa = PBXSourcesBuildPhase;
			buildActionMask = 2147483647;
			files = (
				2EFF846C29704F8400984165 /* ArielTests.swift in Sources */,
			);
			runOnlyForDeploymentPostprocessing = 0;
		};
		2EFF846D29704F8400984165 /* Sources */ = {
			isa = PBXSourcesBuildPhase;
			buildActionMask = 2147483647;
			files = (
				2EFF847829704F8400984165 /* ArielUITestsLaunchTests.swift in Sources */,
				2EFF847629704F8400984165 /* ArielUITests.swift in Sources */,
			);
			runOnlyForDeploymentPostprocessing = 0;
		};
/* End PBXSourcesBuildPhase section */

/* Begin PBXTargetDependency section */
		2EFF846929704F8400984165 /* PBXTargetDependency */ = {
			isa = PBXTargetDependency;
			target = 2EFF845029704F8200984165 /* Ariel */;
			targetProxy = 2EFF846829704F8400984165 /* PBXContainerItemProxy */;
		};
		2EFF847329704F8400984165 /* PBXTargetDependency */ = {
			isa = PBXTargetDependency;
			target = 2EFF845029704F8200984165 /* Ariel */;
			targetProxy = 2EFF847229704F8400984165 /* PBXContainerItemProxy */;
		};
/* End PBXTargetDependency section */

/* Begin PBXVariantGroup section */
		2EFF845F29704F8300984165 /* LaunchScreen.storyboard */ = {
			isa = PBXVariantGroup;
			children = (
				2EFF846029704F8300984165 /* Base */,
			);
			name = LaunchScreen.storyboard;
			sourceTree = "<group>";
		};
/* End PBXVariantGroup section */

/* Begin XCBuildConfiguration section */
		2EFF847929704F8400984165 /* Debug */ = {
			isa = XCBuildConfiguration;
			buildSettings = {
				ALWAYS_SEARCH_USER_PATHS = NO;
				CLANG_ANALYZER_NONNULL = YES;
				CLANG_ANALYZER_NUMBER_OBJECT_CONVERSION = YES_AGGRESSIVE;
				CLANG_CXX_LANGUAGE_STANDARD = "gnu++17";
				CLANG_ENABLE_MODULES = YES;
				CLANG_ENABLE_OBJC_ARC = YES;
				CLANG_ENABLE_OBJC_WEAK = YES;
				CLANG_WARN_BLOCK_CAPTURE_AUTORELEASING = YES;
				CLANG_WARN_BOOL_CONVERSION = YES;
				CLANG_WARN_COMMA = YES;
				CLANG_WARN_CONSTANT_CONVERSION = YES;
				CLANG_WARN_DEPRECATED_OBJC_IMPLEMENTATIONS = YES;
				CLANG_WARN_DIRECT_OBJC_ISA_USAGE = YES_ERROR;
				CLANG_WARN_DOCUMENTATION_COMMENTS = YES;
				CLANG_WARN_EMPTY_BODY = YES;
				CLANG_WARN_ENUM_CONVERSION = YES;
				CLANG_WARN_INFINITE_RECURSION = YES;
				CLANG_WARN_INT_CONVERSION = YES;
				CLANG_WARN_NON_LITERAL_NULL_CONVERSION = YES;
				CLANG_WARN_OBJC_IMPLICIT_RETAIN_SELF = YES;
				CLANG_WARN_OBJC_LITERAL_CONVERSION = YES;
				CLANG_WARN_OBJC_ROOT_CLASS = YES_ERROR;
				CLANG_WARN_QUOTED_INCLUDE_IN_FRAMEWORK_HEADER = YES;
				CLANG_WARN_RANGE_LOOP_ANALYSIS = YES;
				CLANG_WARN_STRICT_PROTOTYPES = YES;
				CLANG_WARN_SUSPICIOUS_MOVE = YES;
				CLANG_WARN_UNGUARDED_AVAILABILITY = YES_AGGRESSIVE;
				CLANG_WARN_UNREACHABLE_CODE = YES;
				CLANG_WARN__DUPLICATE_METHOD_MATCH = YES;
				COPY_PHASE_STRIP = NO;
				DEBUG_INFORMATION_FORMAT = dwarf;
				ENABLE_STRICT_OBJC_MSGSEND = YES;
				ENABLE_TESTABILITY = YES;
				GCC_C_LANGUAGE_STANDARD = gnu11;
				GCC_DYNAMIC_NO_PIC = NO;
				GCC_NO_COMMON_BLOCKS = YES;
				GCC_OPTIMIZATION_LEVEL = 0;
				GCC_PREPROCESSOR_DEFINITIONS = (
					"DEBUG=1",
					"$(inherited)",
				);
				GCC_WARN_64_TO_32_BIT_CONVERSION = YES;
				GCC_WARN_ABOUT_RETURN_TYPE = YES_ERROR;
				GCC_WARN_UNDECLARED_SELECTOR = YES;
				GCC_WARN_UNINITIALIZED_AUTOS = YES_AGGRESSIVE;
				GCC_WARN_UNUSED_FUNCTION = YES;
				GCC_WARN_UNUSED_VARIABLE = YES;
				IPHONEOS_DEPLOYMENT_TARGET = 15.4;
				MTL_ENABLE_DEBUG_INFO = INCLUDE_SOURCE;
				MTL_FAST_MATH = YES;
				ONLY_ACTIVE_ARCH = YES;
				SDKROOT = iphoneos;
				SWIFT_ACTIVE_COMPILATION_CONDITIONS = DEBUG;
				SWIFT_OPTIMIZATION_LEVEL = "-Onone";
			};
			name = Debug;
		};
		2EFF847A29704F8400984165 /* Release */ = {
			isa = XCBuildConfiguration;
			buildSettings = {
				ALWAYS_SEARCH_USER_PATHS = NO;
				CLANG_ANALYZER_NONNULL = YES;
				CLANG_ANALYZER_NUMBER_OBJECT_CONVERSION = YES_AGGRESSIVE;
				CLANG_CXX_LANGUAGE_STANDARD = "gnu++17";
				CLANG_ENABLE_MODULES = YES;
				CLANG_ENABLE_OBJC_ARC = YES;
				CLANG_ENABLE_OBJC_WEAK = YES;
				CLANG_WARN_BLOCK_CAPTURE_AUTORELEASING = YES;
				CLANG_WARN_BOOL_CONVERSION = YES;
				CLANG_WARN_COMMA = YES;
				CLANG_WARN_CONSTANT_CONVERSION = YES;
				CLANG_WARN_DEPRECATED_OBJC_IMPLEMENTATIONS = YES;
				CLANG_WARN_DIRECT_OBJC_ISA_USAGE = YES_ERROR;
				CLANG_WARN_DOCUMENTATION_COMMENTS = YES;
				CLANG_WARN_EMPTY_BODY = YES;
				CLANG_WARN_ENUM_CONVERSION = YES;
				CLANG_WARN_INFINITE_RECURSION = YES;
				CLANG_WARN_INT_CONVERSION = YES;
				CLANG_WARN_NON_LITERAL_NULL_CONVERSION = YES;
				CLANG_WARN_OBJC_IMPLICIT_RETAIN_SELF = YES;
				CLANG_WARN_OBJC_LITERAL_CONVERSION = YES;
				CLANG_WARN_OBJC_ROOT_CLASS = YES_ERROR;
				CLANG_WARN_QUOTED_INCLUDE_IN_FRAMEWORK_HEADER = YES;
				CLANG_WARN_RANGE_LOOP_ANALYSIS = YES;
				CLANG_WARN_STRICT_PROTOTYPES = YES;
				CLANG_WARN_SUSPICIOUS_MOVE = YES;
				CLANG_WARN_UNGUARDED_AVAILABILITY = YES_AGGRESSIVE;
				CLANG_WARN_UNREACHABLE_CODE = YES;
				CLANG_WARN__DUPLICATE_METHOD_MATCH = YES;
				COPY_PHASE_STRIP = NO;
				DEBUG_INFORMATION_FORMAT = "dwarf-with-dsym";
				ENABLE_NS_ASSERTIONS = NO;
				ENABLE_STRICT_OBJC_MSGSEND = YES;
				GCC_C_LANGUAGE_STANDARD = gnu11;
				GCC_NO_COMMON_BLOCKS = YES;
				GCC_WARN_64_TO_32_BIT_CONVERSION = YES;
				GCC_WARN_ABOUT_RETURN_TYPE = YES_ERROR;
				GCC_WARN_UNDECLARED_SELECTOR = YES;
				GCC_WARN_UNINITIALIZED_AUTOS = YES_AGGRESSIVE;
				GCC_WARN_UNUSED_FUNCTION = YES;
				GCC_WARN_UNUSED_VARIABLE = YES;
				IPHONEOS_DEPLOYMENT_TARGET = 15.4;
				MTL_ENABLE_DEBUG_INFO = NO;
				MTL_FAST_MATH = YES;
				SDKROOT = iphoneos;
				SWIFT_COMPILATION_MODE = wholemodule;
				SWIFT_OPTIMIZATION_LEVEL = "-O";
				VALIDATE_PRODUCT = YES;
			};
			name = Release;
		};
		2EFF847C29704F8400984165 /* Debug */ = {
			isa = XCBuildConfiguration;
			baseConfigurationReference = D9F2FEBF810F9C87ADABFDC3 /* Pods-Ariel.debug.xcconfig */;
			buildSettings = {
				ASSETCATALOG_COMPILER_APPICON_NAME = AppIcon;
				ASSETCATALOG_COMPILER_GLOBAL_ACCENT_COLOR_NAME = AccentColor;
				CODE_SIGN_STYLE = Automatic;
				CURRENT_PROJECT_VERSION = 1;
				DEVELOPMENT_TEAM = PWV57K9HFD;
				GENERATE_INFOPLIST_FILE = YES;
				INFOPLIST_FILE = Ariel/Info.plist;
				INFOPLIST_KEY_UIApplicationSupportsIndirectInputEvents = YES;
				INFOPLIST_KEY_UILaunchStoryboardName = LaunchScreen;
				INFOPLIST_KEY_UIMainStoryboardFile = LaunchScreen;
				INFOPLIST_KEY_UISupportedInterfaceOrientations_iPad = "UIInterfaceOrientationPortrait UIInterfaceOrientationPortraitUpsideDown UIInterfaceOrientationLandscapeLeft UIInterfaceOrientationLandscapeRight";
				INFOPLIST_KEY_UISupportedInterfaceOrientations_iPhone = "UIInterfaceOrientationPortrait UIInterfaceOrientationLandscapeLeft UIInterfaceOrientationLandscapeRight";
				LD_RUNPATH_SEARCH_PATHS = (
					"$(inherited)",
					"@executable_path/Frameworks",
				);
				MARKETING_VERSION = 1.0;
				PRODUCT_BUNDLE_IDENTIFIER = eduardoliveira.Ariel;
				PRODUCT_NAME = "$(TARGET_NAME)";
				SWIFT_EMIT_LOC_STRINGS = YES;
				SWIFT_VERSION = 5.0;
				TARGETED_DEVICE_FAMILY = "1,2";
			};
			name = Debug;
		};
		2EFF847D29704F8400984165 /* Release */ = {
			isa = XCBuildConfiguration;
			baseConfigurationReference = B411E43946A6B7001AA89658 /* Pods-Ariel.release.xcconfig */;
			buildSettings = {
				ASSETCATALOG_COMPILER_APPICON_NAME = AppIcon;
				ASSETCATALOG_COMPILER_GLOBAL_ACCENT_COLOR_NAME = AccentColor;
				CODE_SIGN_STYLE = Automatic;
				CURRENT_PROJECT_VERSION = 1;
				DEVELOPMENT_TEAM = PWV57K9HFD;
				GENERATE_INFOPLIST_FILE = YES;
				INFOPLIST_FILE = Ariel/Info.plist;
				INFOPLIST_KEY_UIApplicationSupportsIndirectInputEvents = YES;
				INFOPLIST_KEY_UILaunchStoryboardName = LaunchScreen;
				INFOPLIST_KEY_UIMainStoryboardFile = LaunchScreen;
				INFOPLIST_KEY_UISupportedInterfaceOrientations_iPad = "UIInterfaceOrientationPortrait UIInterfaceOrientationPortraitUpsideDown UIInterfaceOrientationLandscapeLeft UIInterfaceOrientationLandscapeRight";
				INFOPLIST_KEY_UISupportedInterfaceOrientations_iPhone = "UIInterfaceOrientationPortrait UIInterfaceOrientationLandscapeLeft UIInterfaceOrientationLandscapeRight";
				LD_RUNPATH_SEARCH_PATHS = (
					"$(inherited)",
					"@executable_path/Frameworks",
				);
				MARKETING_VERSION = 1.0;
				PRODUCT_BUNDLE_IDENTIFIER = eduardoliveira.Ariel;
				PRODUCT_NAME = "$(TARGET_NAME)";
				SWIFT_EMIT_LOC_STRINGS = YES;
				SWIFT_VERSION = 5.0;
				TARGETED_DEVICE_FAMILY = "1,2";
			};
			name = Release;
		};
		2EFF847F29704F8400984165 /* Debug */ = {
			isa = XCBuildConfiguration;
			baseConfigurationReference = 53BAC863E2FB7B485287D5AF /* Pods-ArielTests.debug.xcconfig */;
			buildSettings = {
				ALWAYS_EMBED_SWIFT_STANDARD_LIBRARIES = YES;
				BUNDLE_LOADER = "$(TEST_HOST)";
				CODE_SIGN_STYLE = Automatic;
				CURRENT_PROJECT_VERSION = 1;
				DEVELOPMENT_TEAM = PWV57K9HFD;
				GENERATE_INFOPLIST_FILE = YES;
				IPHONEOS_DEPLOYMENT_TARGET = 15.4;
				MARKETING_VERSION = 1.0;
				PRODUCT_BUNDLE_IDENTIFIER = eduardoliveira.ArielTests;
				PRODUCT_NAME = "$(TARGET_NAME)";
				SWIFT_EMIT_LOC_STRINGS = NO;
				SWIFT_VERSION = 5.0;
				TARGETED_DEVICE_FAMILY = "1,2";
				TEST_HOST = "$(BUILT_PRODUCTS_DIR)/Ariel.app/Ariel";
			};
			name = Debug;
		};
		2EFF848029704F8400984165 /* Release */ = {
			isa = XCBuildConfiguration;
			baseConfigurationReference = 5135165A09D85FE1DC385B77 /* Pods-ArielTests.release.xcconfig */;
			buildSettings = {
				ALWAYS_EMBED_SWIFT_STANDARD_LIBRARIES = YES;
				BUNDLE_LOADER = "$(TEST_HOST)";
				CODE_SIGN_STYLE = Automatic;
				CURRENT_PROJECT_VERSION = 1;
				DEVELOPMENT_TEAM = PWV57K9HFD;
				GENERATE_INFOPLIST_FILE = YES;
				IPHONEOS_DEPLOYMENT_TARGET = 15.4;
				MARKETING_VERSION = 1.0;
				PRODUCT_BUNDLE_IDENTIFIER = eduardoliveira.ArielTests;
				PRODUCT_NAME = "$(TARGET_NAME)";
				SWIFT_EMIT_LOC_STRINGS = NO;
				SWIFT_VERSION = 5.0;
				TARGETED_DEVICE_FAMILY = "1,2";
				TEST_HOST = "$(BUILT_PRODUCTS_DIR)/Ariel.app/Ariel";
			};
			name = Release;
		};
		2EFF848229704F8400984165 /* Debug */ = {
			isa = XCBuildConfiguration;
			baseConfigurationReference = A792FA7D5FDD7A7B2DB41092 /* Pods-Ariel-ArielUITests.debug.xcconfig */;
			buildSettings = {
				ALWAYS_EMBED_SWIFT_STANDARD_LIBRARIES = YES;
				CODE_SIGN_STYLE = Automatic;
				CURRENT_PROJECT_VERSION = 1;
				DEVELOPMENT_TEAM = PWV57K9HFD;
				GENERATE_INFOPLIST_FILE = YES;
				MARKETING_VERSION = 1.0;
				PRODUCT_BUNDLE_IDENTIFIER = eduardoliveira.ArielUITests;
				PRODUCT_NAME = "$(TARGET_NAME)";
				SWIFT_EMIT_LOC_STRINGS = NO;
				SWIFT_VERSION = 5.0;
				TARGETED_DEVICE_FAMILY = "1,2";
				TEST_TARGET_NAME = Ariel;
			};
			name = Debug;
		};
		2EFF848329704F8400984165 /* Release */ = {
			isa = XCBuildConfiguration;
			baseConfigurationReference = 8A13984B2EB678AE41A9D0C5 /* Pods-Ariel-ArielUITests.release.xcconfig */;
			buildSettings = {
				ALWAYS_EMBED_SWIFT_STANDARD_LIBRARIES = YES;
				CODE_SIGN_STYLE = Automatic;
				CURRENT_PROJECT_VERSION = 1;
				DEVELOPMENT_TEAM = PWV57K9HFD;
				GENERATE_INFOPLIST_FILE = YES;
				MARKETING_VERSION = 1.0;
				PRODUCT_BUNDLE_IDENTIFIER = eduardoliveira.ArielUITests;
				PRODUCT_NAME = "$(TARGET_NAME)";
				SWIFT_EMIT_LOC_STRINGS = NO;
				SWIFT_VERSION = 5.0;
				TARGETED_DEVICE_FAMILY = "1,2";
				TEST_TARGET_NAME = Ariel;
			};
			name = Release;
		};
/* End XCBuildConfiguration section */

/* Begin XCConfigurationList section */
		2EFF844C29704F8200984165 /* Build configuration list for PBXProject "Ariel" */ = {
			isa = XCConfigurationList;
			buildConfigurations = (
				2EFF847929704F8400984165 /* Debug */,
				2EFF847A29704F8400984165 /* Release */,
			);
			defaultConfigurationIsVisible = 0;
			defaultConfigurationName = Release;
		};
		2EFF847B29704F8400984165 /* Build configuration list for PBXNativeTarget "Ariel" */ = {
			isa = XCConfigurationList;
			buildConfigurations = (
				2EFF847C29704F8400984165 /* Debug */,
				2EFF847D29704F8400984165 /* Release */,
			);
			defaultConfigurationIsVisible = 0;
			defaultConfigurationName = Release;
		};
		2EFF847E29704F8400984165 /* Build configuration list for PBXNativeTarget "ArielTests" */ = {
			isa = XCConfigurationList;
			buildConfigurations = (
				2EFF847F29704F8400984165 /* Debug */,
				2EFF848029704F8400984165 /* Release */,
			);
			defaultConfigurationIsVisible = 0;
			defaultConfigurationName = Release;
		};
		2EFF848129704F8400984165 /* Build configuration list for PBXNativeTarget "ArielUITests" */ = {
			isa = XCConfigurationList;
			buildConfigurations = (
				2EFF848229704F8400984165 /* Debug */,
				2EFF848329704F8400984165 /* Release */,
			);
			defaultConfigurationIsVisible = 0;
			defaultConfigurationName = Release;
		};
/* End XCConfigurationList section */
	};
	rootObject = 2EFF844929704F8200984165 /* Project object */;
}
